
Microsoft Visual Studio Solution File, Format Version 12.00
# Visual Studio Version 16
VisualStudioVersion = 16.0.32630.194
MinimumVisualStudioVersion = 10.0.40219.1
Project("{FAE04EC0-301F-11D3-BF4B-00C04F79EFBC}") = "Pastelaria", "Pastelaria.csproj", "{46803970-1389-462A-B28C-257BE097929F}"
EndProject
Global
	GlobalSection(SolutionConfigurationPlatforms) = preSolution
		Debug|Any CPU = Debug|Any CPU
		Release|Any CPU = Release|Any CPU
	EndGlobalSection
	GlobalSection(ProjectConfigurationPlatforms) = postSolution
		{46803970-1389-462A-B28C-257BE097929F}.Debug|Any CPU.ActiveCfg = Debug|Any CPU
		{46803970-1389-462A-B28C-257BE097929F}.Debug|Any CPU.Build.0 = Debug|Any CPU
		{46803970-1389-462A-B28C-257BE097929F}.Release|Any CPU.ActiveCfg = Release|Any CPU
		{46803970-1389-462A-B28C-257BE097929F}.Release|Any CPU.Build.0 = Release|Any CPU
	EndGlobalSection
	GlobalSection(SolutionProperties) = preSolution
		HideSolutionNode = FALSE
	EndGlobalSection
	GlobalSection(ExtensibilityGlobals) = postSolution
		SolutionGuid = {F672183B-E7C8-474C-825A-8704BF0CD80F}
	EndGlobalSection
EndGlobal
